
Microsoft Visual Studio Solution File, Format Version 12.00
# Visual Studio 15
Project("{FAE04EC0-301F-11D3-BF4B-00C04F79EFBC}") = "UnityEngine.TestRunner", "UnityEngine.TestRunner.csproj", "{522893BF-AB49-43C4-7D1F-12B0F39B7A16}"
EndProject
Project("{FAE04EC0-301F-11D3-BF4B-00C04F79EFBC}") = "UnityEngine.UI", "UnityEngine.UI.csproj", "{46A31DBF-DA79-D612-2314-CF00A93332D7}"
EndProject
Project("{FAE04EC0-301F-11D3-BF4B-00C04F79EFBC}") = "Unity.VisualScripting.Flow", "Unity.VisualScripting.Flow.csproj", "{D22F1E86-25D1-0ABE-8F4E-4E47DFED75C1}"
EndProject
Project("{FAE04EC0-301F-11D3-BF4B-00C04F79EFBC}") = "Unity.VisualScripting.State", "Unity.VisualScripting.State.csproj", "{1E7DBA9D-9AD7-4A67-C7F2-AD11488988F0}"
EndProject
Project("{FAE04EC0-301F-11D3-BF4B-00C04F79EFBC}") = "Unity.VisualScripting.Core", "Unity.VisualScripting.Core.csproj", "{04575FAD-630A-001A-104E-1C80839248A8}"
EndProject
Project("{FAE04EC0-301F-11D3-BF4B-00C04F79EFBC}") = "Unity.TextMeshPro", "Unity.TextMeshPro.csproj", "{989E1194-26D8-5D7E-D75D-AA07121955B4}"
EndProject
Project("{FAE04EC0-301F-11D3-BF4B-00C04F79EFBC}") = "Unity.Timeline", "Unity.Timeline.csproj", "{0A77661C-A551-A773-3F46-78E9B5072F3F}"
EndProject
Project("{FAE04EC0-301F-11D3-BF4B-00C04F79EFBC}") = "Assembly-CSharp", "Assembly-CSharp.csproj", "{17C4A25F-F672-3E63-D170-B07639E59AA8}"
EndProject
Project("{FAE04EC0-301F-11D3-BF4B-00C04F79EFBC}") = "Unity.PlasticSCM.Editor", "Unity.PlasticSCM.Editor.csproj", "{249ECD46-44DA-B5DB-66BA-43FAC4487E38}"
EndProject
Project("{FAE04EC0-301F-11D3-BF4B-00C04F79EFBC}") = "Unity.VisualScripting.Core.Editor", "Unity.VisualScripting.Core.Editor.csproj", "{39B4E9AF-D670-70C6-7AE8-A38F57FB7BBD}"
EndProject
Project("{FAE04EC0-301F-11D3-BF4B-00C04F79EFBC}") = "Unity.VisualScripting.Flow.Editor", "Unity.VisualScripting.Flow.Editor.csproj", "{EF3AA20A-9976-8577-CD10-EE293409A1A8}"
EndProject
Project("{FAE04EC0-301F-11D3-BF4B-00C04F79EFBC}") = "Unity.VisualStudio.Editor", "Unity.VisualStudio.Editor.csproj", "{E4089B68-9336-FA48-5338-32FEC8B5AD92}"
EndProject
Project("{FAE04EC0-301F-11D3-BF4B-00C04F79EFBC}") = "Unity.Timeline.Editor", "Unity.Timeline.Editor.csproj", "{98D525C5-B757-A3CE-4734-A1417539EEC7}"
EndProject
Project("{FAE04EC0-301F-11D3-BF4B-00C04F79EFBC}") = "Unity.VisualScripting.State.Editor", "Unity.VisualScripting.State.Editor.csproj", "{71B993FF-C888-8227-B3E5-5CA51165AB26}"
EndProject
Project("{FAE04EC0-301F-11D3-BF4B-00C04F79EFBC}") = "Unity.TextMeshPro.Editor", "Unity.TextMeshPro.Editor.csproj", "{EABB1058-5E8F-1B91-8C77-7D367029F3DB}"
EndProject
Project("{FAE04EC0-301F-11D3-BF4B-00C04F79EFBC}") = "Unity.VisualScripting.SettingsProvider.Editor", "Unity.VisualScripting.SettingsProvider.Editor.csproj", "{B43988C0-834C-B5C5-7264-318C3F7DA4AF}"
EndProject
Project("{FAE04EC0-301F-11D3-BF4B-00C04F79EFBC}") = "UnityEditor.TestRunner", "UnityEditor.TestRunner.csproj", "{510C439C-495C-F6D2-8050-1FFDA04C265F}"
EndProject
Project("{FAE04EC0-301F-11D3-BF4B-00C04F79EFBC}") = "Unity.TestTools.CodeCoverage.Editor", "Unity.TestTools.CodeCoverage.Editor.csproj", "{0AD7AA3B-DC53-1DE3-5FD5-B29B83861DAA}"
EndProject
Project("{FAE04EC0-301F-11D3-BF4B-00C04F79EFBC}") = "Unity.Rider.Editor", "Unity.Rider.Editor.csproj", "{870B244C-BFEB-112C-554F-009060D648C8}"
EndProject
Project("{FAE04EC0-301F-11D3-BF4B-00C04F79EFBC}") = "Unity.Performance.Profile-Analyzer.Editor", "Unity.Performance.Profile-Analyzer.Editor.csproj", "{CF7AFE97-3666-5259-EE63-22BFA0CFB623}"
EndProject
Project("{FAE04EC0-301F-11D3-BF4B-00C04F79EFBC}") = "Unity.VSCode.Editor", "Unity.VSCode.Editor.csproj", "{EB3A94AA-7B27-C874-BC37-629E765F2655}"
EndProject
Project("{FAE04EC0-301F-11D3-BF4B-00C04F79EFBC}") = "UnityEditor.UI", "UnityEditor.UI.csproj", "{A0D012DE-0E76-FE89-1995-DE10BA58AA46}"
EndProject
Project("{FAE04EC0-301F-11D3-BF4B-00C04F79EFBC}") = "Unity.TestTools.CodeCoverage.Editor.OpenCover.Model", "Unity.TestTools.CodeCoverage.Editor.OpenCover.Model.csproj", "{1CA2A297-4971-821C-48D3-EB5E04533A54}"
EndProject
Project("{FAE04EC0-301F-11D3-BF4B-00C04F79EFBC}") = "Unity.EditorCoroutines.Editor", "Unity.EditorCoroutines.Editor.csproj", "{386623D4-5517-9E31-00C9-6F857FE6F546}"
EndProject
Project("{FAE04EC0-301F-11D3-BF4B-00C04F79EFBC}") = "Unity.Settings.Editor", "Unity.Settings.Editor.csproj", "{DD757925-BFB5-D294-0314-9E3C6CDB682F}"
EndProject
Project("{FAE04EC0-301F-11D3-BF4B-00C04F79EFBC}") = "Unity.CollabProxy.Editor", "Unity.CollabProxy.Editor.csproj", "{1810CFBF-A6E4-5079-9DEA-276AEDB0042D}"
EndProject
Project("{FAE04EC0-301F-11D3-BF4B-00C04F79EFBC}") = "Unity.TestTools.CodeCoverage.Editor.OpenCover.Mono.Reflection", "Unity.TestTools.CodeCoverage.Editor.OpenCover.Mono.Reflection.csproj", "{BCCB810F-DEF2-F1A3-35FD-8951C660CC0B}"
EndProject
Project("{FAE04EC0-301F-11D3-BF4B-00C04F79EFBC}") = "Unity.VisualScripting.Shared.Editor", "Unity.VisualScripting.Shared.Editor.csproj", "{11A84418-5E81-BF6A-326E-FB20B998C2CB}"
EndProject
Project("{FAE04EC0-301F-11D3-BF4B-00C04F79EFBC}") = "UnityEngine.TestRunner", "UnityEngine.TestRunner.Player.csproj", "{8F92C0B5-F737-C825-6D40-BF2A22AAAD0F}"
EndProject
Project("{FAE04EC0-301F-11D3-BF4B-00C04F79EFBC}") = "UnityEngine.UI", "UnityEngine.UI.Player.csproj", "{998489EE-7525-131E-E602-B5A6F2B9F7FF}"
EndProject
Project("{FAE04EC0-301F-11D3-BF4B-00C04F79EFBC}") = "Unity.VisualScripting.Flow", "Unity.VisualScripting.Flow.Player.csproj", "{75F81E01-DABD-8BCE-9A77-DF2AD199546A}"
EndProject
Project("{FAE04EC0-301F-11D3-BF4B-00C04F79EFBC}") = "Unity.VisualScripting.State", "Unity.VisualScripting.State.Player.csproj", "{A7588CEC-CB62-AA52-F190-32BC33FD741E}"
EndProject
Project("{FAE04EC0-301F-11D3-BF4B-00C04F79EFBC}") = "Unity.VisualScripting.Core", "Unity.VisualScripting.Core.Player.csproj", "{35C17A9D-162C-45E6-E223-B6664EF5E545}"
EndProject
Project("{FAE04EC0-301F-11D3-BF4B-00C04F79EFBC}") = "Unity.TextMeshPro", "Unity.TextMeshPro.Player.csproj", "{960359CD-15AF-C51C-D14D-A00C11D24BC4}"
EndProject
Project("{FAE04EC0-301F-11D3-BF4B-00C04F79EFBC}") = "Unity.Timeline", "Unity.Timeline.Player.csproj", "{9A2E4026-9036-5561-EF10-D470ED8ED3BD}"
EndProject
Project("{FAE04EC0-301F-11D3-BF4B-00C04F79EFBC}") = "Assembly-CSharp", "Assembly-CSharp.Player.csproj", "{E43DDB08-A62A-F03A-42D3-1A2A29AA6997}"
EndProject
Global
	GlobalSection(SolutionConfigurationPlatforms) = preSolution
		Debug|Any CPU = Debug|Any CPU
		Release|Any CPU = Release|Any CPU
	EndGlobalSection
	GlobalSection(ProjectConfigurationPlatforms) = postSolution
		{522893BF-AB49-43C4-7D1F-12B0F39B7A16}.Debug|Any CPU.ActiveCfg = Debug|Any CPU
		{522893BF-AB49-43C4-7D1F-12B0F39B7A16}.Debug|Any CPU.Build.0 = Debug|Any CPU
		{522893BF-AB49-43C4-7D1F-12B0F39B7A16}.Release|Any CPU.ActiveCfg = Release|Any CPU
		{522893BF-AB49-43C4-7D1F-12B0F39B7A16}.Release|Any CPU.Build.0 = Release|Any CPU
		{46A31DBF-DA79-D612-2314-CF00A93332D7}.Debug|Any CPU.ActiveCfg = Debug|Any CPU
		{46A31DBF-DA79-D612-2314-CF00A93332D7}.Debug|Any CPU.Build.0 = Debug|Any CPU
		{46A31DBF-DA79-D612-2314-CF00A93332D7}.Release|Any CPU.ActiveCfg = Release|Any CPU
		{46A31DBF-DA79-D612-2314-CF00A93332D7}.Release|Any CPU.Build.0 = Release|Any CPU
		{D22F1E86-25D1-0ABE-8F4E-4E47DFED75C1}.Debug|Any CPU.ActiveCfg = Debug|Any CPU
		{D22F1E86-25D1-0ABE-8F4E-4E47DFED75C1}.Debug|Any CPU.Build.0 = Debug|Any CPU
		{D22F1E86-25D1-0ABE-8F4E-4E47DFED75C1}.Release|Any CPU.ActiveCfg = Release|Any CPU
		{D22F1E86-25D1-0ABE-8F4E-4E47DFED75C1}.Release|Any CPU.Build.0 = Release|Any CPU
		{1E7DBA9D-9AD7-4A67-C7F2-AD11488988F0}.Debug|Any CPU.ActiveCfg = Debug|Any CPU
		{1E7DBA9D-9AD7-4A67-C7F2-AD11488988F0}.Debug|Any CPU.Build.0 = Debug|Any CPU
		{1E7DBA9D-9AD7-4A67-C7F2-AD11488988F0}.Release|Any CPU.ActiveCfg = Release|Any CPU
		{1E7DBA9D-9AD7-4A67-C7F2-AD11488988F0}.Release|Any CPU.Build.0 = Release|Any CPU
		{04575FAD-630A-001A-104E-1C80839248A8}.Debug|Any CPU.ActiveCfg = Debug|Any CPU
		{04575FAD-630A-001A-104E-1C80839248A8}.Debug|Any CPU.Build.0 = Debug|Any CPU
		{04575FAD-630A-001A-104E-1C80839248A8}.Release|Any CPU.ActiveCfg = Release|Any CPU
		{04575FAD-630A-001A-104E-1C80839248A8}.Release|Any CPU.Build.0 = Release|Any CPU
		{989E1194-26D8-5D7E-D75D-AA07121955B4}.Debug|Any CPU.ActiveCfg = Debug|Any CPU
		{989E1194-26D8-5D7E-D75D-AA07121955B4}.Debug|Any CPU.Build.0 = Debug|Any CPU
		{989E1194-26D8-5D7E-D75D-AA07121955B4}.Release|Any CPU.ActiveCfg = Release|Any CPU
		{989E1194-26D8-5D7E-D75D-AA07121955B4}.Release|Any CPU.Build.0 = Release|Any CPU
		{0A77661C-A551-A773-3F46-78E9B5072F3F}.Debug|Any CPU.ActiveCfg = Debug|Any CPU
		{0A77661C-A551-A773-3F46-78E9B5072F3F}.Debug|Any CPU.Build.0 = Debug|Any CPU
		{0A77661C-A551-A773-3F46-78E9B5072F3F}.Release|Any CPU.ActiveCfg = Release|Any CPU
		{0A77661C-A551-A773-3F46-78E9B5072F3F}.Release|Any CPU.Build.0 = Release|Any CPU
		{17C4A25F-F672-3E63-D170-B07639E59AA8}.Debug|Any CPU.ActiveCfg = Debug|Any CPU
		{17C4A25F-F672-3E63-D170-B07639E59AA8}.Debug|Any CPU.Build.0 = Debug|Any CPU
		{17C4A25F-F672-3E63-D170-B07639E59AA8}.Release|Any CPU.ActiveCfg = Release|Any CPU
		{17C4A25F-F672-3E63-D170-B07639E59AA8}.Release|Any CPU.Build.0 = Release|Any CPU
		{249ECD46-44DA-B5DB-66BA-43FAC4487E38}.Debug|Any CPU.ActiveCfg = Debug|Any CPU
		{249ECD46-44DA-B5DB-66BA-43FAC4487E38}.Debug|Any CPU.Build.0 = Debug|Any CPU
		{249ECD46-44DA-B5DB-66BA-43FAC4487E38}.Release|Any CPU.ActiveCfg = Release|Any CPU
		{249ECD46-44DA-B5DB-66BA-43FAC4487E38}.Release|Any CPU.Build.0 = Release|Any CPU
		{39B4E9AF-D670-70C6-7AE8-A38F57FB7BBD}.Debug|Any CPU.ActiveCfg = Debug|Any CPU
		{39B4E9AF-D670-70C6-7AE8-A38F57FB7BBD}.Debug|Any CPU.Build.0 = Debug|Any CPU
		{39B4E9AF-D670-70C6-7AE8-A38F57FB7BBD}.Release|Any CPU.ActiveCfg = Release|Any CPU
		{39B4E9AF-D670-70C6-7AE8-A38F57FB7BBD}.Release|Any CPU.Build.0 = Release|Any CPU
		{EF3AA20A-9976-8577-CD10-EE293409A1A8}.Debug|Any CPU.ActiveCfg = Debug|Any CPU
		{EF3AA20A-9976-8577-CD10-EE293409A1A8}.Debug|Any CPU.Build.0 = Debug|Any CPU
		{EF3AA20A-9976-8577-CD10-EE293409A1A8}.Release|Any CPU.ActiveCfg = Release|Any CPU
		{EF3AA20A-9976-8577-CD10-EE293409A1A8}.Release|Any CPU.Build.0 = Release|Any CPU
		{E4089B68-9336-FA48-5338-32FEC8B5AD92}.Debug|Any CPU.ActiveCfg = Debug|Any CPU
		{E4089B68-9336-FA48-5338-32FEC8B5AD92}.Debug|Any CPU.Build.0 = Debug|Any CPU
		{E4089B68-9336-FA48-5338-32FEC8B5AD92}.Release|Any CPU.ActiveCfg = Release|Any CPU
		{E4089B68-9336-FA48-5338-32FEC8B5AD92}.Release|Any CPU.Build.0 = Release|Any CPU
		{98D525C5-B757-A3CE-4734-A1417539EEC7}.Debug|Any CPU.ActiveCfg = Debug|Any CPU
		{98D525C5-B757-A3CE-4734-A1417539EEC7}.Debug|Any CPU.Build.0 = Debug|Any CPU
		{98D525C5-B757-A3CE-4734-A1417539EEC7}.Release|Any CPU.ActiveCfg = Release|Any CPU
		{98D525C5-B757-A3CE-4734-A1417539EEC7}.Release|Any CPU.Build.0 = Release|Any CPU
		{71B993FF-C888-8227-B3E5-5CA51165AB26}.Debug|Any CPU.ActiveCfg = Debug|Any CPU
		{71B993FF-C888-8227-B3E5-5CA51165AB26}.Debug|Any CPU.Build.0 = Debug|Any CPU
		{71B993FF-C888-8227-B3E5-5CA51165AB26}.Release|Any CPU.ActiveCfg = Release|Any CPU
		{71B993FF-C888-8227-B3E5-5CA51165AB26}.Release|Any CPU.Build.0 = Release|Any CPU
		{EABB1058-5E8F-1B91-8C77-7D367029F3DB}.Debug|Any CPU.ActiveCfg = Debug|Any CPU
		{EABB1058-5E8F-1B91-8C77-7D367029F3DB}.Debug|Any CPU.Build.0 = Debug|Any CPU
		{EABB1058-5E8F-1B91-8C77-7D367029F3DB}.Release|Any CPU.ActiveCfg = Release|Any CPU
		{EABB1058-5E8F-1B91-8C77-7D367029F3DB}.Release|Any CPU.Build.0 = Release|Any CPU
		{B43988C0-834C-B5C5-7264-318C3F7DA4AF}.Debug|Any CPU.ActiveCfg = Debug|Any CPU
		{B43988C0-834C-B5C5-7264-318C3F7DA4AF}.Debug|Any CPU.Build.0 = Debug|Any CPU
		{B43988C0-834C-B5C5-7264-318C3F7DA4AF}.Release|Any CPU.ActiveCfg = Release|Any CPU
		{B43988C0-834C-B5C5-7264-318C3F7DA4AF}.Release|Any CPU.Build.0 = Release|Any CPU
		{510C439C-495C-F6D2-8050-1FFDA04C265F}.Debug|Any CPU.ActiveCfg = Debug|Any CPU
		{510C439C-495C-F6D2-8050-1FFDA04C265F}.Debug|Any CPU.Build.0 = Debug|Any CPU
		{510C439C-495C-F6D2-8050-1FFDA04C265F}.Release|Any CPU.ActiveCfg = Release|Any CPU
		{510C439C-495C-F6D2-8050-1FFDA04C265F}.Release|Any CPU.Build.0 = Release|Any CPU
		{0AD7AA3B-DC53-1DE3-5FD5-B29B83861DAA}.Debug|Any CPU.ActiveCfg = Debug|Any CPU
		{0AD7AA3B-DC53-1DE3-5FD5-B29B83861DAA}.Debug|Any CPU.Build.0 = Debug|Any CPU
		{0AD7AA3B-DC53-1DE3-5FD5-B29B83861DAA}.Release|Any CPU.ActiveCfg = Release|Any CPU
		{0AD7AA3B-DC53-1DE3-5FD5-B29B83861DAA}.Release|Any CPU.Build.0 = Release|Any CPU
		{870B244C-BFEB-112C-554F-009060D648C8}.Debug|Any CPU.ActiveCfg = Debug|Any CPU
		{870B244C-BFEB-112C-554F-009060D648C8}.Debug|Any CPU.Build.0 = Debug|Any CPU
		{870B244C-BFEB-112C-554F-009060D648C8}.Release|Any CPU.ActiveCfg = Release|Any CPU
		{870B244C-BFEB-112C-554F-009060D648C8}.Release|Any CPU.Build.0 = Release|Any CPU
		{CF7AFE97-3666-5259-EE63-22BFA0CFB623}.Debug|Any CPU.ActiveCfg = Debug|Any CPU
		{CF7AFE97-3666-5259-EE63-22BFA0CFB623}.Debug|Any CPU.Build.0 = Debug|Any CPU
		{CF7AFE97-3666-5259-EE63-22BFA0CFB623}.Release|Any CPU.ActiveCfg = Release|Any CPU
		{CF7AFE97-3666-5259-EE63-22BFA0CFB623}.Release|Any CPU.Build.0 = Release|Any CPU
		{EB3A94AA-7B27-C874-BC37-629E765F2655}.Debug|Any CPU.ActiveCfg = Debug|Any CPU
		{EB3A94AA-7B27-C874-BC37-629E765F2655}.Debug|Any CPU.Build.0 = Debug|Any CPU
		{EB3A94AA-7B27-C874-BC37-629E765F2655}.Release|Any CPU.ActiveCfg = Release|Any CPU
		{EB3A94AA-7B27-C874-BC37-629E765F2655}.Release|Any CPU.Build.0 = Release|Any CPU
		{A0D012DE-0E76-FE89-1995-DE10BA58AA46}.Debug|Any CPU.ActiveCfg = Debug|Any CPU
		{A0D012DE-0E76-FE89-1995-DE10BA58AA46}.Debug|Any CPU.Build.0 = Debug|Any CPU
		{A0D012DE-0E76-FE89-1995-DE10BA58AA46}.Release|Any CPU.ActiveCfg = Release|Any CPU
		{A0D012DE-0E76-FE89-1995-DE10BA58AA46}.Release|Any CPU.Build.0 = Release|Any CPU
		{1CA2A297-4971-821C-48D3-EB5E04533A54}.Debug|Any CPU.ActiveCfg = Debug|Any CPU
		{1CA2A297-4971-821C-48D3-EB5E04533A54}.Debug|Any CPU.Build.0 = Debug|Any CPU
		{1CA2A297-4971-821C-48D3-EB5E04533A54}.Release|Any CPU.ActiveCfg = Release|Any CPU
		{1CA2A297-4971-821C-48D3-EB5E04533A54}.Release|Any CPU.Build.0 = Release|Any CPU
		{386623D4-5517-9E31-00C9-6F857FE6F546}.Debug|Any CPU.ActiveCfg = Debug|Any CPU
		{386623D4-5517-9E31-00C9-6F857FE6F546}.Debug|Any CPU.Build.0 = Debug|Any CPU
		{386623D4-5517-9E31-00C9-6F857FE6F546}.Release|Any CPU.ActiveCfg = Release|Any CPU
		{386623D4-5517-9E31-00C9-6F857FE6F546}.Release|Any CPU.Build.0 = Release|Any CPU
		{DD757925-BFB5-D294-0314-9E3C6CDB682F}.Debug|Any CPU.ActiveCfg = Debug|Any CPU
		{DD757925-BFB5-D294-0314-9E3C6CDB682F}.Debug|Any CPU.Build.0 = Debug|Any CPU
		{DD757925-BFB5-D294-0314-9E3C6CDB682F}.Release|Any CPU.ActiveCfg = Release|Any CPU
		{DD757925-BFB5-D294-0314-9E3C6CDB682F}.Release|Any CPU.Build.0 = Release|Any CPU
		{1810CFBF-A6E4-5079-9DEA-276AEDB0042D}.Debug|Any CPU.ActiveCfg = Debug|Any CPU
		{1810CFBF-A6E4-5079-9DEA-276AEDB0042D}.Debug|Any CPU.Build.0 = Debug|Any CPU
		{1810CFBF-A6E4-5079-9DEA-276AEDB0042D}.Release|Any CPU.ActiveCfg = Release|Any CPU
		{1810CFBF-A6E4-5079-9DEA-276AEDB0042D}.Release|Any CPU.Build.0 = Release|Any CPU
		{BCCB810F-DEF2-F1A3-35FD-8951C660CC0B}.Debug|Any CPU.ActiveCfg = Debug|Any CPU
		{BCCB810F-DEF2-F1A3-35FD-8951C660CC0B}.Debug|Any CPU.Build.0 = Debug|Any CPU
		{BCCB810F-DEF2-F1A3-35FD-8951C660CC0B}.Release|Any CPU.ActiveCfg = Release|Any CPU
		{BCCB810F-DEF2-F1A3-35FD-8951C660CC0B}.Release|Any CPU.Build.0 = Release|Any CPU
		{11A84418-5E81-BF6A-326E-FB20B998C2CB}.Debug|Any CPU.ActiveCfg = Debug|Any CPU
		{11A84418-5E81-BF6A-326E-FB20B998C2CB}.Debug|Any CPU.Build.0 = Debug|Any CPU
		{11A84418-5E81-BF6A-326E-FB20B998C2CB}.Release|Any CPU.ActiveCfg = Release|Any CPU
		{11A84418-5E81-BF6A-326E-FB20B998C2CB}.Release|Any CPU.Build.0 = Release|Any CPU
		{8F92C0B5-F737-C825-6D40-BF2A22AAAD0F}.Debug|Any CPU.ActiveCfg = Debug|Any CPU
		{8F92C0B5-F737-C825-6D40-BF2A22AAAD0F}.Debug|Any CPU.Build.0 = Debug|Any CPU
		{8F92C0B5-F737-C825-6D40-BF2A22AAAD0F}.Release|Any CPU.ActiveCfg = Release|Any CPU
		{8F92C0B5-F737-C825-6D40-BF2A22AAAD0F}.Release|Any CPU.Build.0 = Release|Any CPU
		{998489EE-7525-131E-E602-B5A6F2B9F7FF}.Debug|Any CPU.ActiveCfg = Debug|Any CPU
		{998489EE-7525-131E-E602-B5A6F2B9F7FF}.Debug|Any CPU.Build.0 = Debug|Any CPU
		{998489EE-7525-131E-E602-B5A6F2B9F7FF}.Release|Any CPU.ActiveCfg = Release|Any CPU
		{998489EE-7525-131E-E602-B5A6F2B9F7FF}.Release|Any CPU.Build.0 = Release|Any CPU
		{75F81E01-DABD-8BCE-9A77-DF2AD199546A}.Debug|Any CPU.ActiveCfg = Debug|Any CPU
		{75F81E01-DABD-8BCE-9A77-DF2AD199546A}.Debug|Any CPU.Build.0 = Debug|Any CPU
		{75F81E01-DABD-8BCE-9A77-DF2AD199546A}.Release|Any CPU.ActiveCfg = Release|Any CPU
		{75F81E01-DABD-8BCE-9A77-DF2AD199546A}.Release|Any CPU.Build.0 = Release|Any CPU
		{A7588CEC-CB62-AA52-F190-32BC33FD741E}.Debug|Any CPU.ActiveCfg = Debug|Any CPU
		{A7588CEC-CB62-AA52-F190-32BC33FD741E}.Debug|Any CPU.Build.0 = Debug|Any CPU
		{A7588CEC-CB62-AA52-F190-32BC33FD741E}.Release|Any CPU.ActiveCfg = Release|Any CPU
		{A7588CEC-CB62-AA52-F190-32BC33FD741E}.Release|Any CPU.Build.0 = Release|Any CPU
		{35C17A9D-162C-45E6-E223-B6664EF5E545}.Debug|Any CPU.ActiveCfg = Debug|Any CPU
		{35C17A9D-162C-45E6-E223-B6664EF5E545}.Debug|Any CPU.Build.0 = Debug|Any CPU
		{35C17A9D-162C-45E6-E223-B6664EF5E545}.Release|Any CPU.ActiveCfg = Release|Any CPU
		{35C17A9D-162C-45E6-E223-B6664EF5E545}.Release|Any CPU.Build.0 = Release|Any CPU
		{960359CD-15AF-C51C-D14D-A00C11D24BC4}.Debug|Any CPU.ActiveCfg = Debug|Any CPU
		{960359CD-15AF-C51C-D14D-A00C11D24BC4}.Debug|Any CPU.Build.0 = Debug|Any CPU
		{960359CD-15AF-C51C-D14D-A00C11D24BC4}.Release|Any CPU.ActiveCfg = Release|Any CPU
		{960359CD-15AF-C51C-D14D-A00C11D24BC4}.Release|Any CPU.Build.0 = Release|Any CPU
		{9A2E4026-9036-5561-EF10-D470ED8ED3BD}.Debug|Any CPU.ActiveCfg = Debug|Any CPU
		{9A2E4026-9036-5561-EF10-D470ED8ED3BD}.Debug|Any CPU.Build.0 = Debug|Any CPU
		{9A2E4026-9036-5561-EF10-D470ED8ED3BD}.Release|Any CPU.ActiveCfg = Release|Any CPU
		{9A2E4026-9036-5561-EF10-D470ED8ED3BD}.Release|Any CPU.Build.0 = Release|Any CPU
		{E43DDB08-A62A-F03A-42D3-1A2A29AA6997}.Debug|Any CPU.ActiveCfg = Debug|Any CPU
		{E43DDB08-A62A-F03A-42D3-1A2A29AA6997}.Debug|Any CPU.Build.0 = Debug|Any CPU
		{E43DDB08-A62A-F03A-42D3-1A2A29AA6997}.Release|Any CPU.ActiveCfg = Release|Any CPU
		{E43DDB08-A62A-F03A-42D3-1A2A29AA6997}.Release|Any CPU.Build.0 = Release|Any CPU
	EndGlobalSection
	GlobalSection(SolutionProperties) = preSolution
		HideSolutionNode = FALSE
	EndGlobalSection
EndGlobal
